
Microsoft Visual Studio Solution File, Format Version 12.00
# Visual Studio Version 16
VisualStudioVersion = 16.0.30517.126
MinimumVisualStudioVersion = 10.0.40219.1
Project("{FAE04EC0-301F-11D3-BF4B-00C04F79EFBC}") = "SampleHerokuContainer", "SampleHerokuContainer.csproj", "{09316519-A1A3-4C1F-8A04-9EC07336992F}"
EndProject
Global
	GlobalSection(SolutionConfigurationPlatforms) = preSolution
		Debug|Any CPU = Debug|Any CPU
		Release|Any CPU = Release|Any CPU
	EndGlobalSection
	GlobalSection(ProjectConfigurationPlatforms) = postSolution
		{09316519-A1A3-4C1F-8A04-9EC07336992F}.Debug|Any CPU.ActiveCfg = Debug|Any CPU
		{09316519-A1A3-4C1F-8A04-9EC07336992F}.Debug|Any CPU.Build.0 = Debug|Any CPU
		{09316519-A1A3-4C1F-8A04-9EC07336992F}.Release|Any CPU.ActiveCfg = Release|Any CPU
		{09316519-A1A3-4C1F-8A04-9EC07336992F}.Release|Any CPU.Build.0 = Release|Any CPU
	EndGlobalSection
	GlobalSection(SolutionProperties) = preSolution
		HideSolutionNode = FALSE
	EndGlobalSection
	GlobalSection(ExtensibilityGlobals) = postSolution
		SolutionGuid = {17B06062-0651-4EBD-9609-F9376225DE8D}
	EndGlobalSection
EndGlobal
